
Microsoft Visual Studio Solution File, Format Version 12.00
# Visual Studio Version 16
VisualStudioVersion = 16.0.29424.173
MinimumVisualStudioVersion = 10.0.40219.1
Project("{9A19103F-16F7-4668-BE54-9A1E7A4F7556}") = "F0.Talks.AsyncAwait", "F0.Talks.AsyncAwait\F0.Talks.AsyncAwait.csproj", "{6E5F73D9-0475-4B38-A7CD-70A429D4BC88}"
EndProject
Project("{9A19103F-16F7-4668-BE54-9A1E7A4F7556}") = "F0.Talks.AsyncAwait.NuGet", "F0.Talks.AsyncAwait.NuGet\F0.Talks.AsyncAwait.NuGet.csproj", "{7BE80163-6866-4AAF-B84F-EA252E40DD0F}"
EndProject
Project("{9A19103F-16F7-4668-BE54-9A1E7A4F7556}") = "F0.Talks.AsyncAwait.ConsoleApp", "F0.Talks.AsyncAwait.ConsoleApp\F0.Talks.AsyncAwait.ConsoleApp.csproj", "{4DE0AE3A-FBF3-47C6-BAB7-17BF044AF2ED}"
EndProject
Project("{9A19103F-16F7-4668-BE54-9A1E7A4F7556}") = "F0.Talks.AsyncAwait.WpfApp", "F0.Talks.AsyncAwait.WpfApp\F0.Talks.AsyncAwait.WpfApp.csproj", "{52F3C17A-D011-4172-9781-1885B44EA37B}"
EndProject
Project("{9A19103F-16F7-4668-BE54-9A1E7A4F7556}") = "F0.Talks.AsyncAwait.Tests.MSTest", "F0.Talks.AsyncAwait.Tests.MSTest\F0.Talks.AsyncAwait.Tests.MSTest.csproj", "{34DF72B4-F0E5-4DE0-8D4D-A7C0857D8164}"
EndProject
Project("{9A19103F-16F7-4668-BE54-9A1E7A4F7556}") = "F0.Talks.AsyncAwait.Tests.NUnit", "F0.Talks.AsyncAwait.Tests.NUnit\F0.Talks.AsyncAwait.Tests.NUnit.csproj", "{F7032A5E-8C58-4F58-A521-7DCD91E5BC17}"
EndProject
Project("{9A19103F-16F7-4668-BE54-9A1E7A4F7556}") = "F0.Talks.AsyncAwait.Tests.XUnit", "F0.Talks.AsyncAwait.Tests.XUnit\F0.Talks.AsyncAwait.Tests.XUnit.csproj", "{8C77442F-BA81-4C72-B545-A04D66BBC494}"
EndProject
Project("{9A19103F-16F7-4668-BE54-9A1E7A4F7556}") = "F0.Talks.AsyncAwait.Benchmarks", "F0.Talks.AsyncAwait.Benchmarks\F0.Talks.AsyncAwait.Benchmarks.csproj", "{A62726F9-A64B-4FF2-B599-5DC0CB1D9CA9}"
EndProject
Global
	GlobalSection(SolutionConfigurationPlatforms) = preSolution
		Debug|Any CPU = Debug|Any CPU
		Release|Any CPU = Release|Any CPU
	EndGlobalSection
	GlobalSection(ProjectConfigurationPlatforms) = postSolution
		{6E5F73D9-0475-4B38-A7CD-70A429D4BC88}.Debug|Any CPU.ActiveCfg = Debug|Any CPU
		{6E5F73D9-0475-4B38-A7CD-70A429D4BC88}.Debug|Any CPU.Build.0 = Debug|Any CPU
		{6E5F73D9-0475-4B38-A7CD-70A429D4BC88}.Release|Any CPU.ActiveCfg = Release|Any CPU
		{6E5F73D9-0475-4B38-A7CD-70A429D4BC88}.Release|Any CPU.Build.0 = Release|Any CPU
		{7BE80163-6866-4AAF-B84F-EA252E40DD0F}.Debug|Any CPU.ActiveCfg = Debug|Any CPU
		{7BE80163-6866-4AAF-B84F-EA252E40DD0F}.Debug|Any CPU.Build.0 = Debug|Any CPU
		{7BE80163-6866-4AAF-B84F-EA252E40DD0F}.Release|Any CPU.ActiveCfg = Release|Any CPU
		{7BE80163-6866-4AAF-B84F-EA252E40DD0F}.Release|Any CPU.Build.0 = Release|Any CPU
		{4DE0AE3A-FBF3-47C6-BAB7-17BF044AF2ED}.Debug|Any CPU.ActiveCfg = Debug|Any CPU
		{4DE0AE3A-FBF3-47C6-BAB7-17BF044AF2ED}.Debug|Any CPU.Build.0 = Debug|Any CPU
		{4DE0AE3A-FBF3-47C6-BAB7-17BF044AF2ED}.Release|Any CPU.ActiveCfg = Release|Any CPU
		{4DE0AE3A-FBF3-47C6-BAB7-17BF044AF2ED}.Release|Any CPU.Build.0 = Release|Any CPU
		{52F3C17A-D011-4172-9781-1885B44EA37B}.Debug|Any CPU.ActiveCfg = Debug|Any CPU
		{52F3C17A-D011-4172-9781-1885B44EA37B}.Debug|Any CPU.Build.0 = Debug|Any CPU
		{52F3C17A-D011-4172-9781-1885B44EA37B}.Release|Any CPU.ActiveCfg = Release|Any CPU
		{52F3C17A-D011-4172-9781-1885B44EA37B}.Release|Any CPU.Build.0 = Release|Any CPU
		{34DF72B4-F0E5-4DE0-8D4D-A7C0857D8164}.Debug|Any CPU.ActiveCfg = Debug|Any CPU
		{34DF72B4-F0E5-4DE0-8D4D-A7C0857D8164}.Debug|Any CPU.Build.0 = Debug|Any CPU
		{34DF72B4-F0E5-4DE0-8D4D-A7C0857D8164}.Release|Any CPU.ActiveCfg = Release|Any CPU
		{34DF72B4-F0E5-4DE0-8D4D-A7C0857D8164}.Release|Any CPU.Build.0 = Release|Any CPU
		{F7032A5E-8C58-4F58-A521-7DCD91E5BC17}.Debug|Any CPU.ActiveCfg = Debug|Any CPU
		{F7032A5E-8C58-4F58-A521-7DCD91E5BC17}.Debug|Any CPU.Build.0 = Debug|Any CPU
		{F7032A5E-8C58-4F58-A521-7DCD91E5BC17}.Release|Any CPU.ActiveCfg = Release|Any CPU
		{F7032A5E-8C58-4F58-A521-7DCD91E5BC17}.Release|Any CPU.Build.0 = Release|Any CPU
		{8C77442F-BA81-4C72-B545-A04D66BBC494}.Debug|Any CPU.ActiveCfg = Debug|Any CPU
		{8C77442F-BA81-4C72-B545-A04D66BBC494}.Debug|Any CPU.Build.0 = Debug|Any CPU
		{8C77442F-BA81-4C72-B545-A04D66BBC494}.Release|Any CPU.ActiveCfg = Release|Any CPU
		{8C77442F-BA81-4C72-B545-A04D66BBC494}.Release|Any CPU.Build.0 = Release|Any CPU
		{A62726F9-A64B-4FF2-B599-5DC0CB1D9CA9}.Debug|Any CPU.ActiveCfg = Debug|Any CPU
		{A62726F9-A64B-4FF2-B599-5DC0CB1D9CA9}.Debug|Any CPU.Build.0 = Debug|Any CPU
		{A62726F9-A64B-4FF2-B599-5DC0CB1D9CA9}.Release|Any CPU.ActiveCfg = Release|Any CPU
		{A62726F9-A64B-4FF2-B599-5DC0CB1D9CA9}.Release|Any CPU.Build.0 = Release|Any CPU
	EndGlobalSection
	GlobalSection(SolutionProperties) = preSolution
		HideSolutionNode = FALSE
	EndGlobalSection
	GlobalSection(ExtensibilityGlobals) = postSolution
		SolutionGuid = {D3A25A8B-8697-4C92-8C52-8C964D83F5E9}
	EndGlobalSection
EndGlobal
